
Microsoft Visual Studio Solution File, Format Version 12.00
# Visual Studio Version 17
VisualStudioVersion = 17.9.34701.34
MinimumVisualStudioVersion = 10.0.40219.1
Project("{FAE04EC0-301F-11D3-BF4B-00C04F79EFBC}") = "Lab5_Balls", "Lab5_Balls\Lab5_Balls.csproj", "{EB7048B6-004A-42E5-80D3-2672E646DE1F}"
EndProject
Global
	GlobalSection(SolutionConfigurationPlatforms) = preSolution
		Debug|Any CPU = Debug|Any CPU
		Release|Any CPU = Release|Any CPU
	EndGlobalSection
	GlobalSection(ProjectConfigurationPlatforms) = postSolution
		{EB7048B6-004A-42E5-80D3-2672E646DE1F}.Debug|Any CPU.ActiveCfg = Debug|Any CPU
		{EB7048B6-004A-42E5-80D3-2672E646DE1F}.Debug|Any CPU.Build.0 = Debug|Any CPU
		{EB7048B6-004A-42E5-80D3-2672E646DE1F}.Release|Any CPU.ActiveCfg = Release|Any CPU
		{EB7048B6-004A-42E5-80D3-2672E646DE1F}.Release|Any CPU.Build.0 = Release|Any CPU
	EndGlobalSection
	GlobalSection(SolutionProperties) = preSolution
		HideSolutionNode = FALSE
	EndGlobalSection
	GlobalSection(ExtensibilityGlobals) = postSolution
		SolutionGuid = {37672E82-13F9-4493-B4FF-073610D0F8EC}
	EndGlobalSection
EndGlobal
